
Microsoft Visual Studio Solution File, Format Version 12.00
# Visual Studio Version 17
VisualStudioVersion = 17.3.32929.385
MinimumVisualStudioVersion = 10.0.40219.1
Project("{FAE04EC0-301F-11D3-BF4B-00C04F79EFBC}") = "asignado", "asignado\asignado.csproj", "{64BA876F-6852-43E4-AC4D-5D8AEB54F178}"
EndProject
Global
	GlobalSection(SolutionConfigurationPlatforms) = preSolution
		Debug|Any CPU = Debug|Any CPU
		Release|Any CPU = Release|Any CPU
	EndGlobalSection
	GlobalSection(ProjectConfigurationPlatforms) = postSolution
		{64BA876F-6852-43E4-AC4D-5D8AEB54F178}.Debug|Any CPU.ActiveCfg = Debug|Any CPU
		{64BA876F-6852-43E4-AC4D-5D8AEB54F178}.Debug|Any CPU.Build.0 = Debug|Any CPU
		{64BA876F-6852-43E4-AC4D-5D8AEB54F178}.Release|Any CPU.ActiveCfg = Release|Any CPU
		{64BA876F-6852-43E4-AC4D-5D8AEB54F178}.Release|Any CPU.Build.0 = Release|Any CPU
	EndGlobalSection
	GlobalSection(SolutionProperties) = preSolution
		HideSolutionNode = FALSE
	EndGlobalSection
	GlobalSection(ExtensibilityGlobals) = postSolution
		SolutionGuid = {C5EB7A85-ECDF-4CDA-8FEE-E5D853F0D3D4}
	EndGlobalSection
EndGlobal
